
Microsoft Visual Studio Solution File, Format Version 12.00
# Visual Studio Version 16
VisualStudioVersion = 16.0.29609.76
MinimumVisualStudioVersion = 10.0.40219.1
Project("{FAE04EC0-301F-11D3-BF4B-00C04F79EFBC}") = "graphicsTask", "graphicsTask\graphicsTask.csproj", "{1184F104-68B1-47E8-9C04-1A94EC2803CC}"
EndProject
Global
	GlobalSection(SolutionConfigurationPlatforms) = preSolution
		Debug|Any CPU = Debug|Any CPU
		Release|Any CPU = Release|Any CPU
	EndGlobalSection
	GlobalSection(ProjectConfigurationPlatforms) = postSolution
		{1184F104-68B1-47E8-9C04-1A94EC2803CC}.Debug|Any CPU.ActiveCfg = Debug|Any CPU
		{1184F104-68B1-47E8-9C04-1A94EC2803CC}.Debug|Any CPU.Build.0 = Debug|Any CPU
		{1184F104-68B1-47E8-9C04-1A94EC2803CC}.Release|Any CPU.ActiveCfg = Release|Any CPU
		{1184F104-68B1-47E8-9C04-1A94EC2803CC}.Release|Any CPU.Build.0 = Release|Any CPU
	EndGlobalSection
	GlobalSection(SolutionProperties) = preSolution
		HideSolutionNode = FALSE
	EndGlobalSection
	GlobalSection(ExtensibilityGlobals) = postSolution
		SolutionGuid = {240BC4C1-9A1E-4484-B6FB-9883F7BE4707}
	EndGlobalSection
EndGlobal
